
Microsoft Visual Studio Solution File, Format Version 12.00
# Visual Studio Version 16
VisualStudioVersion = 16.0.30711.63
MinimumVisualStudioVersion = 10.0.40219.1
Project("{FAE04EC0-301F-11D3-BF4B-00C04F79EFBC}") = "CarxEnFw", "CarxEnFw\CarxEnFw.csproj", "{005CDD39-A234-4C8A-9DDA-F325C93C1551}"
EndProject
Global
	GlobalSection(SolutionConfigurationPlatforms) = preSolution
		Debug|Any CPU = Debug|Any CPU
		Release|Any CPU = Release|Any CPU
	EndGlobalSection
	GlobalSection(ProjectConfigurationPlatforms) = postSolution
		{005CDD39-A234-4C8A-9DDA-F325C93C1551}.Debug|Any CPU.ActiveCfg = Debug|Any CPU
		{005CDD39-A234-4C8A-9DDA-F325C93C1551}.Debug|Any CPU.Build.0 = Debug|Any CPU
		{005CDD39-A234-4C8A-9DDA-F325C93C1551}.Release|Any CPU.ActiveCfg = Release|Any CPU
		{005CDD39-A234-4C8A-9DDA-F325C93C1551}.Release|Any CPU.Build.0 = Release|Any CPU
	EndGlobalSection
	GlobalSection(SolutionProperties) = preSolution
		HideSolutionNode = FALSE
	EndGlobalSection
	GlobalSection(ExtensibilityGlobals) = postSolution
		SolutionGuid = {9EF3282C-044C-4A8E-A493-065C9932CD16}
	EndGlobalSection
EndGlobal
